// !$*UTF8*$!
{
	archiveVersion = 1;
	classes = {
	};
	objectVersion = 56;
	objects = {

/* Begin PBXBuildFile section */
		6143E23229059EA1007BE78D /* main.cpp in Sources */ = {isa = PBXBuildFile; fileRef = 6143E23129059EA1007BE78D /* main.cpp */; };
		6143E2412905B0A9007BE78D /* SDL2.framework in Frameworks */ = {isa = PBXBuildFile; fileRef = 6143E23929059F5D007BE78D /* SDL2.framework */; };
		6143E2462905DCED007BE78D /* Game.cpp in Sources */ = {isa = PBXBuildFile; fileRef = 6143E2442905DCED007BE78D /* Game.cpp */; };
		6143E24829069A38007BE78D /* SDL2_image.framework in Frameworks */ = {isa = PBXBuildFile; fileRef = 6143E24729069A38007BE78D /* SDL2_image.framework */; };
		6143E24E2906C9FC007BE78D /* TextureManager.cpp in Sources */ = {isa = PBXBuildFile; fileRef = 6143E24C2906C9FC007BE78D /* TextureManager.cpp */; };
		6143E2522906D619007BE78D /* GameObject.cpp in Sources */ = {isa = PBXBuildFile; fileRef = 6143E2502906D619007BE78D /* GameObject.cpp */; };
/* End PBXBuildFile section */

/* Begin PBXCopyFilesBuildPhase section */
		6143E22C29059EA1007BE78D /* CopyFiles */ = {
			isa = PBXCopyFilesBuildPhase;
			buildActionMask = 2147483647;
			dstPath = /usr/share/man/man1/;
			dstSubfolderSpec = 0;
			files = (
			);
			runOnlyForDeploymentPostprocessing = 1;
		};
/* End PBXCopyFilesBuildPhase section */

/* Begin PBXFileReference section */
		6143E22E29059EA1007BE78D /* SDL_WindowTest */ = {isa = PBXFileReference; explicitFileType = "compiled.mach-o.executable"; includeInIndex = 0; path = SDL_WindowTest; sourceTree = BUILT_PRODUCTS_DIR; };
		6143E23129059EA1007BE78D /* main.cpp */ = {isa = PBXFileReference; lastKnownFileType = sourcecode.cpp.cpp; path = main.cpp; sourceTree = "<group>"; };
		6143E23929059F5D007BE78D /* SDL2.framework */ = {isa = PBXFileReference; lastKnownFileType = wrapper.framework; name = SDL2.framework; path = ../../../../../Library/Frameworks/SDL2.framework; sourceTree = "<group>"; };
		6143E23D2905A2FC007BE78D /* 2.0.22 */ = {isa = PBXFileReference; lastKnownFileType = folder; name = 2.0.22; path = ../../../../../usr/local/Cellar/sdl2/2.0.22; sourceTree = "<group>"; };
		6143E2442905DCED007BE78D /* Game.cpp */ = {isa = PBXFileReference; lastKnownFileType = sourcecode.cpp.cpp; path = Game.cpp; sourceTree = "<group>"; };
		6143E2452905DCED007BE78D /* Game.hpp */ = {isa = PBXFileReference; lastKnownFileType = sourcecode.cpp.h; path = Game.hpp; sourceTree = "<group>"; };
		6143E24729069A38007BE78D /* SDL2_image.framework */ = {isa = PBXFileReference; lastKnownFileType = wrapper.framework; name = SDL2_image.framework; path = ../../../../../Library/Frameworks/SDL2_image.framework; sourceTree = "<group>"; };
		6143E24B29069E0A007BE78D /* hero.png */ = {isa = PBXFileReference; lastKnownFileType = image.png; path = hero.png; sourceTree = "<group>"; };
		6143E24C2906C9FC007BE78D /* TextureManager.cpp */ = {isa = PBXFileReference; lastKnownFileType = sourcecode.cpp.cpp; path = TextureManager.cpp; sourceTree = "<group>"; };
		6143E24D2906C9FC007BE78D /* TextureManager.hpp */ = {isa = PBXFileReference; lastKnownFileType = sourcecode.cpp.h; path = TextureManager.hpp; sourceTree = "<group>"; };
		6143E24F2906D1E1007BE78D /* hero.png */ = {isa = PBXFileReference; lastKnownFileType = image.png; name = hero.png; path = SDL_WindowTest/hero.png; sourceTree = "<group>"; };
		6143E2502906D619007BE78D /* GameObject.cpp */ = {isa = PBXFileReference; lastKnownFileType = sourcecode.cpp.cpp; path = GameObject.cpp; sourceTree = "<group>"; };
		6143E2512906D619007BE78D /* GameObject.hpp */ = {isa = PBXFileReference; lastKnownFileType = sourcecode.cpp.h; path = GameObject.hpp; sourceTree = "<group>"; };
/* End PBXFileReference section */

/* Begin PBXFrameworksBuildPhase section */
		6143E22B29059EA1007BE78D /* Frameworks */ = {
			isa = PBXFrameworksBuildPhase;
			buildActionMask = 2147483647;
			files = (
				6143E2412905B0A9007BE78D /* SDL2.framework in Frameworks */,
				6143E24829069A38007BE78D /* SDL2_image.framework in Frameworks */,
			);
			runOnlyForDeploymentPostprocessing = 0;
		};
/* End PBXFrameworksBuildPhase section */

/* Begin PBXGroup section */
		6143E22529059EA1007BE78D = {
			isa = PBXGroup;
			children = (
				6143E24F2906D1E1007BE78D /* hero.png */,
				6143E23029059EA1007BE78D /* SDL_WindowTest */,
				6143E22F29059EA1007BE78D /* Products */,
				6143E23829059F5C007BE78D /* Frameworks */,
			);
			sourceTree = "<group>";
		};
		6143E22F29059EA1007BE78D /* Products */ = {
			isa = PBXGroup;
			children = (
				6143E22E29059EA1007BE78D /* SDL_WindowTest */,
			);
			name = Products;
			sourceTree = "<group>";
		};
		6143E23029059EA1007BE78D /* SDL_WindowTest */ = {
			isa = PBXGroup;
			children = (
				6143E2502906D619007BE78D /* GameObject.cpp */,
				6143E2512906D619007BE78D /* GameObject.hpp */,
				6143E24B29069E0A007BE78D /* hero.png */,
				6143E23129059EA1007BE78D /* main.cpp */,
				6143E2442905DCED007BE78D /* Game.cpp */,
				6143E2452905DCED007BE78D /* Game.hpp */,
				6143E24C2906C9FC007BE78D /* TextureManager.cpp */,
				6143E24D2906C9FC007BE78D /* TextureManager.hpp */,
			);
			path = SDL_WindowTest;
			sourceTree = "<group>";
		};
		6143E23829059F5C007BE78D /* Frameworks */ = {
			isa = PBXGroup;
			children = (
				6143E24729069A38007BE78D /* SDL2_image.framework */,
				6143E23D2905A2FC007BE78D /* 2.0.22 */,
				6143E23929059F5D007BE78D /* SDL2.framework */,
			);
			name = Frameworks;
			sourceTree = "<group>";
		};
/* End PBXGroup section */

/* Begin PBXNativeTarget section */
		6143E22D29059EA1007BE78D /* SDL_WindowTest */ = {
			isa = PBXNativeTarget;
			buildConfigurationList = 6143E23529059EA1007BE78D /* Build configuration list for PBXNativeTarget "SDL_WindowTest" */;
			buildPhases = (
				6143E22A29059EA1007BE78D /* Sources */,
				6143E22B29059EA1007BE78D /* Frameworks */,
				6143E22C29059EA1007BE78D /* CopyFiles */,
			);
			buildRules = (
			);
			dependencies = (
			);
			name = SDL_WindowTest;
			productName = SDL_WindowTest;
			productReference = 6143E22E29059EA1007BE78D /* SDL_WindowTest */;
			productType = "com.apple.product-type.tool";
		};
/* End PBXNativeTarget section */

/* Begin PBXProject section */
		6143E22629059EA1007BE78D /* Project object */ = {
			isa = PBXProject;
			attributes = {
				BuildIndependentTargetsInParallel = 1;
				LastUpgradeCheck = 1400;
				TargetAttributes = {
					6143E22D29059EA1007BE78D = {
						CreatedOnToolsVersion = 14.0.1;
					};
				};
			};
			buildConfigurationList = 6143E22929059EA1007BE78D /* Build configuration list for PBXProject "SDL_WindowTest" */;
			compatibilityVersion = "Xcode 14.0";
			developmentRegion = en;
			hasScannedForEncodings = 0;
			knownRegions = (
				en,
				Base,
			);
			mainGroup = 6143E22529059EA1007BE78D;
			productRefGroup = 6143E22F29059EA1007BE78D /* Products */;
			projectDirPath = "";
			projectRoot = "";
			targets = (
				6143E22D29059EA1007BE78D /* SDL_WindowTest */,
			);
		};
/* End PBXProject section */

/* Begin PBXSourcesBuildPhase section */
		6143E22A29059EA1007BE78D /* Sources */ = {
			isa = PBXSourcesBuildPhase;
			buildActionMask = 2147483647;
			files = (
				6143E2522906D619007BE78D /* GameObject.cpp in Sources */,
				6143E23229059EA1007BE78D /* main.cpp in Sources */,
				6143E2462905DCED007BE78D /* Game.cpp in Sources */,
				6143E24E2906C9FC007BE78D /* TextureManager.cpp in Sources */,
			);
			runOnlyForDeploymentPostprocessing = 0;
		};
/* End PBXSourcesBuildPhase section */

/* Begin XCBuildConfiguration section */
		6143E23329059EA1007BE78D /* Debug */ = {
			isa = XCBuildConfiguration;
			buildSettings = {
				ALWAYS_SEARCH_USER_PATHS = NO;
				CLANG_ANALYZER_NONNULL = YES;
				CLANG_ANALYZER_NUMBER_OBJECT_CONVERSION = YES_AGGRESSIVE;
				CLANG_CXX_LANGUAGE_STANDARD = "gnu++20";
				CLANG_ENABLE_MODULES = YES;
				CLANG_ENABLE_OBJC_ARC = YES;
				CLANG_ENABLE_OBJC_WEAK = YES;
				CLANG_WARN_BLOCK_CAPTURE_AUTORELEASING = YES;
				CLANG_WARN_BOOL_CONVERSION = YES;
				CLANG_WARN_COMMA = YES;
				CLANG_WARN_CONSTANT_CONVERSION = YES;
				CLANG_WARN_DEPRECATED_OBJC_IMPLEMENTATIONS = YES;
				CLANG_WARN_DIRECT_OBJC_ISA_USAGE = YES_ERROR;
				CLANG_WARN_DOCUMENTATION_COMMENTS = YES;
				CLANG_WARN_EMPTY_BODY = YES;
				CLANG_WARN_ENUM_CONVERSION = YES;
				CLANG_WARN_INFINITE_RECURSION = YES;
				CLANG_WARN_INT_CONVERSION = YES;
				CLANG_WARN_NON_LITERAL_NULL_CONVERSION = YES;
				CLANG_WARN_OBJC_IMPLICIT_RETAIN_SELF = YES;
				CLANG_WARN_OBJC_LITERAL_CONVERSION = YES;
				CLANG_WARN_OBJC_ROOT_CLASS = YES_ERROR;
				CLANG_WARN_QUOTED_INCLUDE_IN_FRAMEWORK_HEADER = YES;
				CLANG_WARN_RANGE_LOOP_ANALYSIS = YES;
				CLANG_WARN_STRICT_PROTOTYPES = YES;
				CLANG_WARN_SUSPICIOUS_MOVE = YES;
				CLANG_WARN_UNGUARDED_AVAILABILITY = YES_AGGRESSIVE;
				CLANG_WARN_UNREACHABLE_CODE = YES;
				CLANG_WARN__DUPLICATE_METHOD_MATCH = YES;
				COPY_PHASE_STRIP = NO;
				DEBUG_INFORMATION_FORMAT = dwarf;
				ENABLE_STRICT_OBJC_MSGSEND = YES;
				ENABLE_TESTABILITY = YES;
				GCC_C_LANGUAGE_STANDARD = gnu11;
				GCC_DYNAMIC_NO_PIC = NO;
				GCC_NO_COMMON_BLOCKS = YES;
				GCC_OPTIMIZATION_LEVEL = 0;
				GCC_PREPROCESSOR_DEFINITIONS = (
					"DEBUG=1",
					"$(inherited)",
				);
				GCC_VERSION = "/usr/bin/clang++";
				GCC_WARN_64_TO_32_BIT_CONVERSION = YES;
				GCC_WARN_ABOUT_RETURN_TYPE = YES_ERROR;
				GCC_WARN_UNDECLARED_SELECTOR = YES;
				GCC_WARN_UNINITIALIZED_AUTOS = YES_AGGRESSIVE;
				GCC_WARN_UNUSED_FUNCTION = YES;
				GCC_WARN_UNUSED_VARIABLE = YES;
				MACOSX_DEPLOYMENT_TARGET = 12.3;
				MTL_ENABLE_DEBUG_INFO = INCLUDE_SOURCE;
				MTL_FAST_MATH = YES;
				ONLY_ACTIVE_ARCH = YES;
				SDKROOT = macosx;
			};
			name = Debug;
		};
		6143E23429059EA1007BE78D /* Release */ = {
			isa = XCBuildConfiguration;
			buildSettings = {
				ALWAYS_SEARCH_USER_PATHS = NO;
				CLANG_ANALYZER_NONNULL = YES;
				CLANG_ANALYZER_NUMBER_OBJECT_CONVERSION = YES_AGGRESSIVE;
				CLANG_CXX_LANGUAGE_STANDARD = "gnu++20";
				CLANG_ENABLE_MODULES = YES;
				CLANG_ENABLE_OBJC_ARC = YES;
				CLANG_ENABLE_OBJC_WEAK = YES;
				CLANG_WARN_BLOCK_CAPTURE_AUTORELEASING = YES;
				CLANG_WARN_BOOL_CONVERSION = YES;
				CLANG_WARN_COMMA = YES;
				CLANG_WARN_CONSTANT_CONVERSION = YES;
				CLANG_WARN_DEPRECATED_OBJC_IMPLEMENTATIONS = YES;
				CLANG_WARN_DIRECT_OBJC_ISA_USAGE = YES_ERROR;
				CLANG_WARN_DOCUMENTATION_COMMENTS = YES;
				CLANG_WARN_EMPTY_BODY = YES;
				CLANG_WARN_ENUM_CONVERSION = YES;
				CLANG_WARN_INFINITE_RECURSION = YES;
				CLANG_WARN_INT_CONVERSION = YES;
				CLANG_WARN_NON_LITERAL_NULL_CONVERSION = YES;
				CLANG_WARN_OBJC_IMPLICIT_RETAIN_SELF = YES;
				CLANG_WARN_OBJC_LITERAL_CONVERSION = YES;
				CLANG_WARN_OBJC_ROOT_CLASS = YES_ERROR;
				CLANG_WARN_QUOTED_INCLUDE_IN_FRAMEWORK_HEADER = YES;
				CLANG_WARN_RANGE_LOOP_ANALYSIS = YES;
				CLANG_WARN_STRICT_PROTOTYPES = YES;
				CLANG_WARN_SUSPICIOUS_MOVE = YES;
				CLANG_WARN_UNGUARDED_AVAILABILITY = YES_AGGRESSIVE;
				CLANG_WARN_UNREACHABLE_CODE = YES;
				CLANG_WARN__DUPLICATE_METHOD_MATCH = YES;
				COPY_PHASE_STRIP = NO;
				DEBUG_INFORMATION_FORMAT = "dwarf-with-dsym";
				ENABLE_NS_ASSERTIONS = NO;
				ENABLE_STRICT_OBJC_MSGSEND = YES;
				GCC_C_LANGUAGE_STANDARD = gnu11;
				GCC_NO_COMMON_BLOCKS = YES;
				GCC_VERSION = "/usr/bin/clang++";
				GCC_WARN_64_TO_32_BIT_CONVERSION = YES;
				GCC_WARN_ABOUT_RETURN_TYPE = YES_ERROR;
				GCC_WARN_UNDECLARED_SELECTOR = YES;
				GCC_WARN_UNINITIALIZED_AUTOS = YES_AGGRESSIVE;
				GCC_WARN_UNUSED_FUNCTION = YES;
				GCC_WARN_UNUSED_VARIABLE = YES;
				MACOSX_DEPLOYMENT_TARGET = 12.3;
				MTL_ENABLE_DEBUG_INFO = NO;
				MTL_FAST_MATH = YES;
				SDKROOT = macosx;
			};
			name = Release;
		};
		6143E23629059EA1007BE78D /* Debug */ = {
			isa = XCBuildConfiguration;
			buildSettings = {
				ALWAYS_SEARCH_USER_PATHS = NO;
				CODE_SIGN_STYLE = Automatic;
				DEVELOPMENT_ASSET_PATHS = SDL_WindowTest/hero.png;
				FRAMEWORK_SEARCH_PATHS = (
					"$(inherited)",
					"$(LOCAL_LIBRARY_DIR)/Frameworks",
				);
				GCC_VERSION = "";
				OTHER_CFLAGS = "-lSDL2";
				OTHER_CPLUSPLUSFLAGS = "$(OTHER_CFLAGS)";
				OTHER_LDFLAGS = "";
				PRODUCT_NAME = "$(TARGET_NAME)";
			};
			name = Debug;
		};
		6143E23729059EA1007BE78D /* Release */ = {
			isa = XCBuildConfiguration;
			buildSettings = {
				ALWAYS_SEARCH_USER_PATHS = NO;
				CODE_SIGN_STYLE = Automatic;
				DEVELOPMENT_ASSET_PATHS = SDL_WindowTest/hero.png;
				FRAMEWORK_SEARCH_PATHS = (
					"$(inherited)",
					"$(LOCAL_LIBRARY_DIR)/Frameworks",
				);
				GCC_VERSION = "";
				OTHER_CFLAGS = "-lSDL2";
				OTHER_CPLUSPLUSFLAGS = "$(OTHER_CFLAGS)";
				OTHER_LDFLAGS = "";
				PRODUCT_NAME = "$(TARGET_NAME)";
			};
			name = Release;
		};
/* End XCBuildConfiguration section */

/* Begin XCConfigurationList section */
		6143E22929059EA1007BE78D /* Build configuration list for PBXProject "SDL_WindowTest" */ = {
			isa = XCConfigurationList;
			buildConfigurations = (
				6143E23329059EA1007BE78D /* Debug */,
				6143E23429059EA1007BE78D /* Release */,
			);
			defaultConfigurationIsVisible = 0;
			defaultConfigurationName = Release;
		};
		6143E23529059EA1007BE78D /* Build configuration list for PBXNativeTarget "SDL_WindowTest" */ = {
			isa = XCConfigurationList;
			buildConfigurations = (
				6143E23629059EA1007BE78D /* Debug */,
				6143E23729059EA1007BE78D /* Release */,
			);
			defaultConfigurationIsVisible = 0;
			defaultConfigurationName = Release;
		};
/* End XCConfigurationList section */
	};
	rootObject = 6143E22629059EA1007BE78D /* Project object */;
}
